
Microsoft Visual Studio Solution File, Format Version 12.00
# Visual Studio Version 17
VisualStudioVersion = 17.0.31903.59
MinimumVisualStudioVersion = 10.0.40219.1
Project("{FAE04EC0-301F-11D3-BF4B-00C04F79EFBC}") = "MyLibrary", "MyLibrary\MyLibrary.csproj", "{F4E5CD13-5834-4928-A42C-EC04EF0D3790}"
EndProject
Project("{FAE04EC0-301F-11D3-BF4B-00C04F79EFBC}") = "MyLibrary.Logging", "MyLibrary.Logging\MyLibrary.Logging.csproj", "{0B895EC6-92D8-43C5-8BCB-FABDB36ECFF0}"
EndProject
Project("{FAE04EC0-301F-11D3-BF4B-00C04F79EFBC}") = "MyLibrary.Tests", "MyLibrary.Tests\MyLibrary.Tests.csproj", "{8E749156-CA8E-42D6-82D0-10FE0CD5A690}"
EndProject
Global
	GlobalSection(SolutionConfigurationPlatforms) = preSolution
		Debug|Any CPU = Debug|Any CPU
		Release|Any CPU = Release|Any CPU
	EndGlobalSection
	GlobalSection(SolutionProperties) = preSolution
		HideSolutionNode = FALSE
	EndGlobalSection
	GlobalSection(ProjectConfigurationPlatforms) = postSolution
		{F4E5CD13-5834-4928-A42C-EC04EF0D3790}.Debug|Any CPU.ActiveCfg = Debug|Any CPU
		{F4E5CD13-5834-4928-A42C-EC04EF0D3790}.Debug|Any CPU.Build.0 = Debug|Any CPU
		{F4E5CD13-5834-4928-A42C-EC04EF0D3790}.Release|Any CPU.ActiveCfg = Release|Any CPU
		{F4E5CD13-5834-4928-A42C-EC04EF0D3790}.Release|Any CPU.Build.0 = Release|Any CPU
		{0B895EC6-92D8-43C5-8BCB-FABDB36ECFF0}.Debug|Any CPU.ActiveCfg = Debug|Any CPU
		{0B895EC6-92D8-43C5-8BCB-FABDB36ECFF0}.Debug|Any CPU.Build.0 = Debug|Any CPU
		{0B895EC6-92D8-43C5-8BCB-FABDB36ECFF0}.Release|Any CPU.ActiveCfg = Release|Any CPU
		{0B895EC6-92D8-43C5-8BCB-FABDB36ECFF0}.Release|Any CPU.Build.0 = Release|Any CPU
		{8E749156-CA8E-42D6-82D0-10FE0CD5A690}.Debug|Any CPU.ActiveCfg = Debug|Any CPU
		{8E749156-CA8E-42D6-82D0-10FE0CD5A690}.Debug|Any CPU.Build.0 = Debug|Any CPU
		{8E749156-CA8E-42D6-82D0-10FE0CD5A690}.Release|Any CPU.ActiveCfg = Release|Any CPU
		{8E749156-CA8E-42D6-82D0-10FE0CD5A690}.Release|Any CPU.Build.0 = Release|Any CPU
	EndGlobalSection
EndGlobal
